
Microsoft Visual Studio Solution File, Format Version 12.00
# Visual Studio Version 17
VisualStudioVersion = 17.4.33122.133
MinimumVisualStudioVersion = 10.0.40219.1
Project("{9A19103F-16F7-4668-BE54-9A1E7A4F7556}") = "ProfessionalEx2", "ProfessionalLesson8\ProfessionalEx2.csproj", "{CF5585F9-0248-44D0-B1A7-8156FFC7BAA3}"
EndProject
Project("{9A19103F-16F7-4668-BE54-9A1E7A4F7556}") = "ProfessionalEx3", "ProfessionalEx3\ProfessionalEx3.csproj", "{1FEBBA8B-8A7C-4A45-9E5E-7758C801C268}"
EndProject
Project("{FAE04EC0-301F-11D3-BF4B-00C04F79EFBC}") = "ProfessionalEx5", "ProfessionalEx5\ProfessionalEx5.csproj", "{BFB85E6B-C6B7-4A8C-9823-68AA75B9AE83}"
EndProject
Global
	GlobalSection(SolutionConfigurationPlatforms) = preSolution
		Debug|Any CPU = Debug|Any CPU
		Release|Any CPU = Release|Any CPU
	EndGlobalSection
	GlobalSection(ProjectConfigurationPlatforms) = postSolution
		{CF5585F9-0248-44D0-B1A7-8156FFC7BAA3}.Debug|Any CPU.ActiveCfg = Debug|Any CPU
		{CF5585F9-0248-44D0-B1A7-8156FFC7BAA3}.Debug|Any CPU.Build.0 = Debug|Any CPU
		{CF5585F9-0248-44D0-B1A7-8156FFC7BAA3}.Release|Any CPU.ActiveCfg = Release|Any CPU
		{CF5585F9-0248-44D0-B1A7-8156FFC7BAA3}.Release|Any CPU.Build.0 = Release|Any CPU
		{1FEBBA8B-8A7C-4A45-9E5E-7758C801C268}.Debug|Any CPU.ActiveCfg = Debug|Any CPU
		{1FEBBA8B-8A7C-4A45-9E5E-7758C801C268}.Debug|Any CPU.Build.0 = Debug|Any CPU
		{1FEBBA8B-8A7C-4A45-9E5E-7758C801C268}.Release|Any CPU.ActiveCfg = Release|Any CPU
		{1FEBBA8B-8A7C-4A45-9E5E-7758C801C268}.Release|Any CPU.Build.0 = Release|Any CPU
		{BFB85E6B-C6B7-4A8C-9823-68AA75B9AE83}.Debug|Any CPU.ActiveCfg = Debug|Any CPU
		{BFB85E6B-C6B7-4A8C-9823-68AA75B9AE83}.Debug|Any CPU.Build.0 = Debug|Any CPU
		{BFB85E6B-C6B7-4A8C-9823-68AA75B9AE83}.Release|Any CPU.ActiveCfg = Release|Any CPU
		{BFB85E6B-C6B7-4A8C-9823-68AA75B9AE83}.Release|Any CPU.Build.0 = Release|Any CPU
	EndGlobalSection
	GlobalSection(SolutionProperties) = preSolution
		HideSolutionNode = FALSE
	EndGlobalSection
	GlobalSection(ExtensibilityGlobals) = postSolution
		SolutionGuid = {EABC50AD-6366-435C-A3D9-DA695EA14978}
	EndGlobalSection
EndGlobal
